
Microsoft Visual Studio Solution File, Format Version 12.00
# Visual Studio Version 17
VisualStudioVersion = 17.3.32825.248
MinimumVisualStudioVersion = 10.0.40219.1
Project("{FAE04EC0-301F-11D3-BF4B-00C04F79EFBC}") = "adaclscan", "adaclscan\adaclscan.csproj", "{7478ADBF-C061-45B7-B044-1422F5636DC4}"
EndProject
Global
	GlobalSection(SolutionConfigurationPlatforms) = preSolution
		Debug|Any CPU = Debug|Any CPU
		Release|Any CPU = Release|Any CPU
	EndGlobalSection
	GlobalSection(ProjectConfigurationPlatforms) = postSolution
		{7478ADBF-C061-45B7-B044-1422F5636DC4}.Debug|Any CPU.ActiveCfg = Debug|Any CPU
		{7478ADBF-C061-45B7-B044-1422F5636DC4}.Debug|Any CPU.Build.0 = Debug|Any CPU
		{7478ADBF-C061-45B7-B044-1422F5636DC4}.Release|Any CPU.ActiveCfg = Release|Any CPU
		{7478ADBF-C061-45B7-B044-1422F5636DC4}.Release|Any CPU.Build.0 = Release|Any CPU
	EndGlobalSection
	GlobalSection(SolutionProperties) = preSolution
		HideSolutionNode = FALSE
	EndGlobalSection
	GlobalSection(ExtensibilityGlobals) = postSolution
		SolutionGuid = {B88DCE0E-CDA4-4087-987C-3A31660A0FD6}
	EndGlobalSection
EndGlobal
